// !$*UTF8*$!
{
	archiveVersion = 1;
	classes = {
	};
	objectVersion = 46;
	objects = {

/* Begin PBXBuildFile section */
		47CA47BB19B56F91002C3DF4 /* Foundation.framework in Frameworks */ = {isa = PBXBuildFile; fileRef = 47CA47BA19B56F91002C3DF4 /* Foundation.framework */; };
		47CA47BD19B56F91002C3DF4 /* CoreGraphics.framework in Frameworks */ = {isa = PBXBuildFile; fileRef = 47CA47BC19B56F91002C3DF4 /* CoreGraphics.framework */; };
		47CA47BF19B56F91002C3DF4 /* UIKit.framework in Frameworks */ = {isa = PBXBuildFile; fileRef = 47CA47BE19B56F91002C3DF4 /* UIKit.framework */; };
		47CA47C519B56F91002C3DF4 /* InfoPlist.strings in Resources */ = {isa = PBXBuildFile; fileRef = 47CA47C319B56F91002C3DF4 /* InfoPlist.strings */; };
		47CA47C719B56F91002C3DF4 /* main.m in Sources */ = {isa = PBXBuildFile; fileRef = 47CA47C619B56F91002C3DF4 /* main.m */; };
		47CA47CB19B56F91002C3DF4 /* AppDelegate.m in Sources */ = {isa = PBXBuildFile; fileRef = 47CA47CA19B56F91002C3DF4 /* AppDelegate.m */; };
		47CA47CE19B56F91002C3DF4 /* Main.storyboard in Resources */ = {isa = PBXBuildFile; fileRef = 47CA47CC19B56F91002C3DF4 /* Main.storyboard */; };
		47CA47D119B56F91002C3DF4 /* ViewController.m in Sources */ = {isa = PBXBuildFile; fileRef = 47CA47D019B56F91002C3DF4 /* ViewController.m */; };
		47CA47D319B56F91002C3DF4 /* Images.xcassets in Resources */ = {isa = PBXBuildFile; fileRef = 47CA47D219B56F91002C3DF4 /* Images.xcassets */; };
		47CA47DA19B56F91002C3DF4 /* XCTest.framework in Frameworks */ = {isa = PBXBuildFile; fileRef = 47CA47D919B56F91002C3DF4 /* XCTest.framework */; };
		47CA47DB19B56F91002C3DF4 /* Foundation.framework in Frameworks */ = {isa = PBXBuildFile; fileRef = 47CA47BA19B56F91002C3DF4 /* Foundation.framework */; };
		47CA47DC19B56F91002C3DF4 /* UIKit.framework in Frameworks */ = {isa = PBXBuildFile; fileRef = 47CA47BE19B56F91002C3DF4 /* UIKit.framework */; };
		47CA47E419B56F91002C3DF4 /* InfoPlist.strings in Resources */ = {isa = PBXBuildFile; fileRef = 47CA47E219B56F91002C3DF4 /* InfoPlist.strings */; };
		47CA47E619B56F91002C3DF4 /* iBeaconScannerTests.m in Sources */ = {isa = PBXBuildFile; fileRef = 47CA47E519B56F91002C3DF4 /* iBeaconScannerTests.m */; };
/* End PBXBuildFile section */

/* Begin PBXContainerItemProxy section */
		47CA47DD19B56F91002C3DF4 /* PBXContainerItemProxy */ = {
			isa = PBXContainerItemProxy;
			containerPortal = 47CA47AF19B56F91002C3DF4 /* Project object */;
			proxyType = 1;
			remoteGlobalIDString = 47CA47B619B56F91002C3DF4;
			remoteInfo = iBeaconScanner;
		};
/* End PBXContainerItemProxy section */

/* Begin PBXFileReference section */
		47CA47B719B56F91002C3DF4 /* iBeaconScanner.app */ = {isa = PBXFileReference; explicitFileType = wrapper.application; includeInIndex = 0; path = iBeaconScanner.app; sourceTree = BUILT_PRODUCTS_DIR; };
		47CA47BA19B56F91002C3DF4 /* Foundation.framework */ = {isa = PBXFileReference; lastKnownFileType = wrapper.framework; name = Foundation.framework; path = System/Library/Frameworks/Foundation.framework; sourceTree = SDKROOT; };
		47CA47BC19B56F91002C3DF4 /* CoreGraphics.framework */ = {isa = PBXFileReference; lastKnownFileType = wrapper.framework; name = CoreGraphics.framework; path = System/Library/Frameworks/CoreGraphics.framework; sourceTree = SDKROOT; };
		47CA47BE19B56F91002C3DF4 /* UIKit.framework */ = {isa = PBXFileReference; lastKnownFileType = wrapper.framework; name = UIKit.framework; path = System/Library/Frameworks/UIKit.framework; sourceTree = SDKROOT; };
		47CA47C219B56F91002C3DF4 /* iBeaconScanner-Info.plist */ = {isa = PBXFileReference; lastKnownFileType = text.plist.xml; path = "iBeaconScanner-Info.plist"; sourceTree = "<group>"; };
		47CA47C419B56F91002C3DF4 /* en */ = {isa = PBXFileReference; lastKnownFileType = text.plist.strings; name = en; path = en.lproj/InfoPlist.strings; sourceTree = "<group>"; };
		47CA47C619B56F91002C3DF4 /* main.m */ = {isa = PBXFileReference; lastKnownFileType = sourcecode.c.objc; path = main.m; sourceTree = "<group>"; };
		47CA47C819B56F91002C3DF4 /* iBeaconScanner-Prefix.pch */ = {isa = PBXFileReference; lastKnownFileType = sourcecode.c.h; path = "iBeaconScanner-Prefix.pch"; sourceTree = "<group>"; };
		47CA47C919B56F91002C3DF4 /* AppDelegate.h */ = {isa = PBXFileReference; lastKnownFileType = sourcecode.c.h; path = AppDelegate.h; sourceTree = "<group>"; };
		47CA47CA19B56F91002C3DF4 /* AppDelegate.m */ = {isa = PBXFileReference; lastKnownFileType = sourcecode.c.objc; path = AppDelegate.m; sourceTree = "<group>"; };
		47CA47CD19B56F91002C3DF4 /* Base */ = {isa = PBXFileReference; lastKnownFileType = file.storyboard; name = Base; path = Base.lproj/Main.storyboard; sourceTree = "<group>"; };
		47CA47CF19B56F91002C3DF4 /* ViewController.h */ = {isa = PBXFileReference; lastKnownFileType = sourcecode.c.h; path = ViewController.h; sourceTree = "<group>"; };
		47CA47D019B56F91002C3DF4 /* ViewController.m */ = {isa = PBXFileReference; lastKnownFileType = sourcecode.c.objc; path = ViewController.m; sourceTree = "<group>"; };
		47CA47D219B56F91002C3DF4 /* Images.xcassets */ = {isa = PBXFileReference; lastKnownFileType = folder.assetcatalog; path = Images.xcassets; sourceTree = "<group>"; };
		47CA47D819B56F91002C3DF4 /* iBeaconScannerTests.xctest */ = {isa = PBXFileReference; explicitFileType = wrapper.cfbundle; includeInIndex = 0; path = iBeaconScannerTests.xctest; sourceTree = BUILT_PRODUCTS_DIR; };
		47CA47D919B56F91002C3DF4 /* XCTest.framework */ = {isa = PBXFileReference; lastKnownFileType = wrapper.framework; name = XCTest.framework; path = Library/Frameworks/XCTest.framework; sourceTree = DEVELOPER_DIR; };
		47CA47E119B56F91002C3DF4 /* iBeaconScannerTests-Info.plist */ = {isa = PBXFileReference; lastKnownFileType = text.plist.xml; path = "iBeaconScannerTests-Info.plist"; sourceTree = "<group>"; };
		47CA47E319B56F91002C3DF4 /* en */ = {isa = PBXFileReference; lastKnownFileType = text.plist.strings; name = en; path = en.lproj/InfoPlist.strings; sourceTree = "<group>"; };
		47CA47E519B56F91002C3DF4 /* iBeaconScannerTests.m */ = {isa = PBXFileReference; lastKnownFileType = sourcecode.c.objc; path = iBeaconScannerTests.m; sourceTree = "<group>"; };
/* End PBXFileReference section */

/* Begin PBXFrameworksBuildPhase section */
		47CA47B419B56F91002C3DF4 /* Frameworks */ = {
			isa = PBXFrameworksBuildPhase;
			buildActionMask = 2147483647;
			files = (
				47CA47BD19B56F91002C3DF4 /* CoreGraphics.framework in Frameworks */,
				47CA47BF19B56F91002C3DF4 /* UIKit.framework in Frameworks */,
				47CA47BB19B56F91002C3DF4 /* Foundation.framework in Frameworks */,
			);
			runOnlyForDeploymentPostprocessing = 0;
		};
		47CA47D519B56F91002C3DF4 /* Frameworks */ = {
			isa = PBXFrameworksBuildPhase;
			buildActionMask = 2147483647;
			files = (
				47CA47DA19B56F91002C3DF4 /* XCTest.framework in Frameworks */,
				47CA47DC19B56F91002C3DF4 /* UIKit.framework in Frameworks */,
				47CA47DB19B56F91002C3DF4 /* Foundation.framework in Frameworks */,
			);
			runOnlyForDeploymentPostprocessing = 0;
		};
/* End PBXFrameworksBuildPhase section */

/* Begin PBXGroup section */
		47CA47AE19B56F91002C3DF4 = {
			isa = PBXGroup;
			children = (
				47CA47C019B56F91002C3DF4 /* iBeaconScanner */,
				47CA47DF19B56F91002C3DF4 /* iBeaconScannerTests */,
				47CA47B919B56F91002C3DF4 /* Frameworks */,
				47CA47B819B56F91002C3DF4 /* Products */,
			);
			sourceTree = "<group>";
		};
		47CA47B819B56F91002C3DF4 /* Products */ = {
			isa = PBXGroup;
			children = (
				47CA47B719B56F91002C3DF4 /* iBeaconScanner.app */,
				47CA47D819B56F91002C3DF4 /* iBeaconScannerTests.xctest */,
			);
			name = Products;
			sourceTree = "<group>";
		};
		47CA47B919B56F91002C3DF4 /* Frameworks */ = {
			isa = PBXGroup;
			children = (
				47CA47BA19B56F91002C3DF4 /* Foundation.framework */,
				47CA47BC19B56F91002C3DF4 /* CoreGraphics.framework */,
				47CA47BE19B56F91002C3DF4 /* UIKit.framework */,
				47CA47D919B56F91002C3DF4 /* XCTest.framework */,
			);
			name = Frameworks;
			sourceTree = "<group>";
		};
		47CA47C019B56F91002C3DF4 /* iBeaconScanner */ = {
			isa = PBXGroup;
			children = (
				47CA47C919B56F91002C3DF4 /* AppDelegate.h */,
				47CA47CA19B56F91002C3DF4 /* AppDelegate.m */,
				47CA47CC19B56F91002C3DF4 /* Main.storyboard */,
				47CA47CF19B56F91002C3DF4 /* ViewController.h */,
				47CA47D019B56F91002C3DF4 /* ViewController.m */,
				47CA47D219B56F91002C3DF4 /* Images.xcassets */,
				47CA47C119B56F91002C3DF4 /* Supporting Files */,
			);
			path = iBeaconScanner;
			sourceTree = "<group>";
		};
		47CA47C119B56F91002C3DF4 /* Supporting Files */ = {
			isa = PBXGroup;
			children = (
				47CA47C219B56F91002C3DF4 /* iBeaconScanner-Info.plist */,
				47CA47C319B56F91002C3DF4 /* InfoPlist.strings */,
				47CA47C619B56F91002C3DF4 /* main.m */,
				47CA47C819B56F91002C3DF4 /* iBeaconScanner-Prefix.pch */,
			);
			name = "Supporting Files";
			sourceTree = "<group>";
		};
		47CA47DF19B56F91002C3DF4 /* iBeaconScannerTests */ = {
			isa = PBXGroup;
			children = (
				47CA47E519B56F91002C3DF4 /* iBeaconScannerTests.m */,
				47CA47E019B56F91002C3DF4 /* Supporting Files */,
			);
			path = iBeaconScannerTests;
			sourceTree = "<group>";
		};
		47CA47E019B56F91002C3DF4 /* Supporting Files */ = {
			isa = PBXGroup;
			children = (
				47CA47E119B56F91002C3DF4 /* iBeaconScannerTests-Info.plist */,
				47CA47E219B56F91002C3DF4 /* InfoPlist.strings */,
			);
			name = "Supporting Files";
			sourceTree = "<group>";
		};
/* End PBXGroup section */

/* Begin PBXNativeTarget section */
		47CA47B619B56F91002C3DF4 /* iBeaconScanner */ = {
			isa = PBXNativeTarget;
			buildConfigurationList = 47CA47E919B56F91002C3DF4 /* Build configuration list for PBXNativeTarget "iBeaconScanner" */;
			buildPhases = (
				47CA47B319B56F91002C3DF4 /* Sources */,
				47CA47B419B56F91002C3DF4 /* Frameworks */,
				47CA47B519B56F91002C3DF4 /* Resources */,
			);
			buildRules = (
			);
			dependencies = (
			);
			name = iBeaconScanner;
			productName = iBeaconScanner;
			productReference = 47CA47B719B56F91002C3DF4 /* iBeaconScanner.app */;
			productType = "com.apple.product-type.application";
		};
		47CA47D719B56F91002C3DF4 /* iBeaconScannerTests */ = {
			isa = PBXNativeTarget;
			buildConfigurationList = 47CA47EC19B56F91002C3DF4 /* Build configuration list for PBXNativeTarget "iBeaconScannerTests" */;
			buildPhases = (
				47CA47D419B56F91002C3DF4 /* Sources */,
				47CA47D519B56F91002C3DF4 /* Frameworks */,
				47CA47D619B56F91002C3DF4 /* Resources */,
			);
			buildRules = (
			);
			dependencies = (
				47CA47DE19B56F91002C3DF4 /* PBXTargetDependency */,
			);
			name = iBeaconScannerTests;
			productName = iBeaconScannerTests;
			productReference = 47CA47D819B56F91002C3DF4 /* iBeaconScannerTests.xctest */;
			productType = "com.apple.product-type.bundle.unit-test";
		};
/* End PBXNativeTarget section */

/* Begin PBXProject section */
		47CA47AF19B56F91002C3DF4 /* Project object */ = {
			isa = PBXProject;
			attributes = {
				LastUpgradeCheck = 0510;
				ORGANIZATIONNAME = Saick;
				TargetAttributes = {
					47CA47D719B56F91002C3DF4 = {
						TestTargetID = 47CA47B619B56F91002C3DF4;
					};
				};
			};
			buildConfigurationList = 47CA47B219B56F91002C3DF4 /* Build configuration list for PBXProject "iBeaconScanner" */;
			compatibilityVersion = "Xcode 3.2";
			developmentRegion = English;
			hasScannedForEncodings = 0;
			knownRegions = (
				en,
				Base,
			);
			mainGroup = 47CA47AE19B56F91002C3DF4;
			productRefGroup = 47CA47B819B56F91002C3DF4 /* Products */;
			projectDirPath = "";
			projectRoot = "";
			targets = (
				47CA47B619B56F91002C3DF4 /* iBeaconScanner */,
				47CA47D719B56F91002C3DF4 /* iBeaconScannerTests */,
			);
		};
/* End PBXProject section */

/* Begin PBXResourcesBuildPhase section */
		47CA47B519B56F91002C3DF4 /* Resources */ = {
			isa = PBXResourcesBuildPhase;
			buildActionMask = 2147483647;
			files = (
				47CA47D319B56F91002C3DF4 /* Images.xcassets in Resources */,
				47CA47C519B56F91002C3DF4 /* InfoPlist.strings in Resources */,
				47CA47CE19B56F91002C3DF4 /* Main.storyboard in Resources */,
			);
			runOnlyForDeploymentPostprocessing = 0;
		};
		47CA47D619B56F91002C3DF4 /* Resources */ = {
			isa = PBXResourcesBuildPhase;
			buildActionMask = 2147483647;
			files = (
				47CA47E419B56F91002C3DF4 /* InfoPlist.strings in Resources */,
			);
			runOnlyForDeploymentPostprocessing = 0;
		};
/* End PBXResourcesBuildPhase section */

/* Begin PBXSourcesBuildPhase section */
		47CA47B319B56F91002C3DF4 /* Sources */ = {
			isa = PBXSourcesBuildPhase;
			buildActionMask = 2147483647;
			files = (
				47CA47D119B56F91002C3DF4 /* ViewController.m in Sources */,
				47CA47CB19B56F91002C3DF4 /* AppDelegate.m in Sources */,
				47CA47C719B56F91002C3DF4 /* main.m in Sources */,
			);
			runOnlyForDeploymentPostprocessing = 0;
		};
		47CA47D419B56F91002C3DF4 /* Sources */ = {
			isa = PBXSourcesBuildPhase;
			buildActionMask = 2147483647;
			files = (
				47CA47E619B56F91002C3DF4 /* iBeaconScannerTests.m in Sources */,
			);
			runOnlyForDeploymentPostprocessing = 0;
		};
/* End PBXSourcesBuildPhase section */

/* Begin PBXTargetDependency section */
		47CA47DE19B56F91002C3DF4 /* PBXTargetDependency */ = {
			isa = PBXTargetDependency;
			target = 47CA47B619B56F91002C3DF4 /* iBeaconScanner */;
			targetProxy = 47CA47DD19B56F91002C3DF4 /* PBXContainerItemProxy */;
		};
/* End PBXTargetDependency section */

/* Begin PBXVariantGroup section */
		47CA47C319B56F91002C3DF4 /* InfoPlist.strings */ = {
			isa = PBXVariantGroup;
			children = (
				47CA47C419B56F91002C3DF4 /* en */,
			);
			name = InfoPlist.strings;
			sourceTree = "<group>";
		};
		47CA47CC19B56F91002C3DF4 /* Main.storyboard */ = {
			isa = PBXVariantGroup;
			children = (
				47CA47CD19B56F91002C3DF4 /* Base */,
			);
			name = Main.storyboard;
			sourceTree = "<group>";
		};
		47CA47E219B56F91002C3DF4 /* InfoPlist.strings */ = {
			isa = PBXVariantGroup;
			children = (
				47CA47E319B56F91002C3DF4 /* en */,
			);
			name = InfoPlist.strings;
			sourceTree = "<group>";
		};
/* End PBXVariantGroup section */

/* Begin XCBuildConfiguration section */
		47CA47E719B56F91002C3DF4 /* Debug */ = {
			isa = XCBuildConfiguration;
			buildSettings = {
				ALWAYS_SEARCH_USER_PATHS = NO;
				CLANG_CXX_LANGUAGE_STANDARD = "gnu++0x";
				CLANG_CXX_LIBRARY = "libc++";
				CLANG_ENABLE_MODULES = YES;
				CLANG_ENABLE_OBJC_ARC = YES;
				CLANG_WARN_BOOL_CONVERSION = YES;
				CLANG_WARN_CONSTANT_CONVERSION = YES;
				CLANG_WARN_DIRECT_OBJC_ISA_USAGE = YES_ERROR;
				CLANG_WARN_EMPTY_BODY = YES;
				CLANG_WARN_ENUM_CONVERSION = YES;
				CLANG_WARN_INT_CONVERSION = YES;
				CLANG_WARN_OBJC_ROOT_CLASS = YES_ERROR;
				CLANG_WARN__DUPLICATE_METHOD_MATCH = YES;
				"CODE_SIGN_IDENTITY[sdk=iphoneos*]" = "iPhone Developer";
				COPY_PHASE_STRIP = NO;
				GCC_C_LANGUAGE_STANDARD = gnu99;
				GCC_DYNAMIC_NO_PIC = NO;
				GCC_OPTIMIZATION_LEVEL = 0;
				GCC_PREPROCESSOR_DEFINITIONS = (
					"DEBUG=1",
					"$(inherited)",
				);
				GCC_SYMBOLS_PRIVATE_EXTERN = NO;
				GCC_WARN_64_TO_32_BIT_CONVERSION = YES;
				GCC_WARN_ABOUT_RETURN_TYPE = YES_ERROR;
				GCC_WARN_UNDECLARED_SELECTOR = YES;
				GCC_WARN_UNINITIALIZED_AUTOS = YES_AGGRESSIVE;
				GCC_WARN_UNUSED_FUNCTION = YES;
				GCC_WARN_UNUSED_VARIABLE = YES;
				IPHONEOS_DEPLOYMENT_TARGET = 7.1;
				ONLY_ACTIVE_ARCH = YES;
				SDKROOT = iphoneos;
			};
			name = Debug;
		};
		47CA47E819B56F91002C3DF4 /* Release */ = {
			isa = XCBuildConfiguration;
			buildSettings = {
				ALWAYS_SEARCH_USER_PATHS = NO;
				CLANG_CXX_LANGUAGE_STANDARD = "gnu++0x";
				CLANG_CXX_LIBRARY = "libc++";
				CLANG_ENABLE_MODULES = YES;
				CLANG_ENABLE_OBJC_ARC = YES;
				CLANG_WARN_BOOL_CONVERSION = YES;
				CLANG_WARN_CONSTANT_CONVERSION = YES;
				CLANG_WARN_DIRECT_OBJC_ISA_USAGE = YES_ERROR;
				CLANG_WARN_EMPTY_BODY = YES;
				CLANG_WARN_ENUM_CONVERSION = YES;
				CLANG_WARN_INT_CONVERSION = YES;
				CLANG_WARN_OBJC_ROOT_CLASS = YES_ERROR;
				CLANG_WARN__DUPLICATE_METHOD_MATCH = YES;
				"CODE_SIGN_IDENTITY[sdk=iphoneos*]" = "iPhone Developer";
				COPY_PHASE_STRIP = YES;
				ENABLE_NS_ASSERTIONS = NO;
				GCC_C_LANGUAGE_STANDARD = gnu99;
				GCC_WARN_64_TO_32_BIT_CONVERSION = YES;
				GCC_WARN_ABOUT_RETURN_TYPE = YES_ERROR;
				GCC_WARN_UNDECLARED_SELECTOR = YES;
				GCC_WARN_UNINITIALIZED_AUTOS = YES_AGGRESSIVE;
				GCC_WARN_UNUSED_FUNCTION = YES;
				GCC_WARN_UNUSED_VARIABLE = YES;
				IPHONEOS_DEPLOYMENT_TARGET = 7.1;
				SDKROOT = iphoneos;
				VALIDATE_PRODUCT = YES;
			};
			name = Release;
		};
		47CA47EA19B56F91002C3DF4 /* Debug */ = {
			isa = XCBuildConfiguration;
			buildSettings = {
				ASSETCATALOG_COMPILER_APPICON_NAME = AppIcon;
				ASSETCATALOG_COMPILER_LAUNCHIMAGE_NAME = LaunchImage;
				GCC_PRECOMPILE_PREFIX_HEADER = YES;
				GCC_PREFIX_HEADER = "iBeaconScanner/iBeaconScanner-Prefix.pch";
				INFOPLIST_FILE = "iBeaconScanner/iBeaconScanner-Info.plist";
				PRODUCT_NAME = "$(TARGET_NAME)";
				WRAPPER_EXTENSION = app;
			};
			name = Debug;
		};
		47CA47EB19B56F91002C3DF4 /* Release */ = {
			isa = XCBuildConfiguration;
			buildSettings = {
				ASSETCATALOG_COMPILER_APPICON_NAME = AppIcon;
				ASSETCATALOG_COMPILER_LAUNCHIMAGE_NAME = LaunchImage;
				GCC_PRECOMPILE_PREFIX_HEADER = YES;
				GCC_PREFIX_HEADER = "iBeaconScanner/iBeaconScanner-Prefix.pch";
				INFOPLIST_FILE = "iBeaconScanner/iBeaconScanner-Info.plist";
				PRODUCT_NAME = "$(TARGET_NAME)";
				WRAPPER_EXTENSION = app;
			};
			name = Release;
		};
		47CA47ED19B56F91002C3DF4 /* Debug */ = {
			isa = XCBuildConfiguration;
			buildSettings = {
				BUNDLE_LOADER = "$(BUILT_PRODUCTS_DIR)/iBeaconScanner.app/iBeaconScanner";
				FRAMEWORK_SEARCH_PATHS = (
					"$(SDKROOT)/Developer/Library/Frameworks",
					"$(inherited)",
					"$(DEVELOPER_FRAMEWORKS_DIR)",
				);
				GCC_PRECOMPILE_PREFIX_HEADER = YES;
				GCC_PREFIX_HEADER = "iBeaconScanner/iBeaconScanner-Prefix.pch";
				GCC_PREPROCESSOR_DEFINITIONS = (
					"DEBUG=1",
					"$(inherited)",
				);
				INFOPLIST_FILE = "iBeaconScannerTests/iBeaconScannerTests-Info.plist";
				PRODUCT_NAME = "$(TARGET_NAME)";
				TEST_HOST = "$(BUNDLE_LOADER)";
				WRAPPER_EXTENSION = xctest;
			};
			name = Debug;
		};
		47CA47EE19B56F91002C3DF4 /* Release */ = {
			isa = XCBuildConfiguration;
			buildSettings = {
				BUNDLE_LOADER = "$(BUILT_PRODUCTS_DIR)/iBeaconScanner.app/iBeaconScanner";
				FRAMEWORK_SEARCH_PATHS = (
					"$(SDKROOT)/Developer/Library/Frameworks",
					"$(inherited)",
					"$(DEVELOPER_FRAMEWORKS_DIR)",
				);
				GCC_PRECOMPILE_PREFIX_HEADER = YES;
				GCC_PREFIX_HEADER = "iBeaconScanner/iBeaconScanner-Prefix.pch";
				INFOPLIST_FILE = "iBeaconScannerTests/iBeaconScannerTests-Info.plist";
				PRODUCT_NAME = "$(TARGET_NAME)";
				TEST_HOST = "$(BUNDLE_LOADER)";
				WRAPPER_EXTENSION = xctest;
			};
			name = Release;
		};
/* End XCBuildConfiguration section */

/* Begin XCConfigurationList section */
		47CA47B219B56F91002C3DF4 /* Build configuration list for PBXProject "iBeaconScanner" */ = {
			isa = XCConfigurationList;
			buildConfigurations = (
				47CA47E719B56F91002C3DF4 /* Debug */,
				47CA47E819B56F91002C3DF4 /* Release */,
			);
			defaultConfigurationIsVisible = 0;
			defaultConfigurationName = Release;
		};
		47CA47E919B56F91002C3DF4 /* Build configuration list for PBXNativeTarget "iBeaconScanner" */ = {
			isa = XCConfigurationList;
			buildConfigurations = (
				47CA47EA19B56F91002C3DF4 /* Debug */,
				47CA47EB19B56F91002C3DF4 /* Release */,
			);
			defaultConfigurationIsVisible = 0;
		};
		47CA47EC19B56F91002C3DF4 /* Build configuration list for PBXNativeTarget "iBeaconScannerTests" */ = {
			isa = XCConfigurationList;
			buildConfigurations = (
				47CA47ED19B56F91002C3DF4 /* Debug */,
				47CA47EE19B56F91002C3DF4 /* Release */,
			);
			defaultConfigurationIsVisible = 0;
		};
/* End XCConfigurationList section */
	};
	rootObject = 47CA47AF19B56F91002C3DF4 /* Project object */;
}
